Microsoft Visual Studio Solution File, Format Version 11.00
# Visual Studio 2008

Project("{B2816866-E6E3-BFCE-6549-C563FA3B13EF}") = "Time Cast", "Assembly-CSharp.csproj", "{B97D23C3-C72C-7B69-8186-640552E3E2DF}"
EndProject
Global
	GlobalSection(SolutionConfigurationPlatforms) = preSolution
		Debug|Any CPU = Debug|Any CPU
		Release|Any CPU = Release|Any CPU
	EndGlobalSection
	GlobalSection(ProjectConfigurationPlatforms) = postSolution
		{B97D23C3-C72C-7B69-8186-640552E3E2DF}.Debug|Any CPU.ActiveCfg = Debug|Any CPU
		{B97D23C3-C72C-7B69-8186-640552E3E2DF}.Debug|Any CPU.Build.0 = Debug|Any CPU
		{B97D23C3-C72C-7B69-8186-640552E3E2DF}.Release|Any CPU.ActiveCfg = Release|Any CPU
		{B97D23C3-C72C-7B69-8186-640552E3E2DF}.Release|Any CPU.Build.0 = Release|Any CPU
	EndGlobalSection
	GlobalSection(SolutionProperties) = preSolution
		HideSolutionNode = FALSE
	EndGlobalSection
	GlobalSection(MonoDevelopProperties) = preSolution
		StartupItem = Assembly-CSharp.csproj
	EndGlobalSection
EndGlobal
